// !$*UTF8*$!
{
	archiveVersion = 1;
	classes = {
	};
	objectVersion = 50;
	objects = {

/* Begin PBXBuildFile section */
		421BCF1221F094E8004F5984 /* AppDelegate.swift in Sources */ = {isa = PBXBuildFile; fileRef = 421BCF1121F094E8004F5984 /* AppDelegate.swift */; };
		421BCF1421F094E8004F5984 /* ViewController.swift in Sources */ = {isa = PBXBuildFile; fileRef = 421BCF1321F094E8004F5984 /* ViewController.swift */; };
		421BCF1721F094E8004F5984 /* Main.storyboard in Resources */ = {isa = PBXBuildFile; fileRef = 421BCF1521F094E8004F5984 /* Main.storyboard */; };
		421BCF1921F094EE004F5984 /* Assets.xcassets in Resources */ = {isa = PBXBuildFile; fileRef = 421BCF1821F094EE004F5984 /* Assets.xcassets */; };
		421BCF1C21F094EE004F5984 /* LaunchScreen.storyboard in Resources */ = {isa = PBXBuildFile; fileRef = 421BCF1A21F094EE004F5984 /* LaunchScreen.storyboard */; };
		421BCF2421F0954D004F5984 /* TwoDimensionalTable.swift in Sources */ = {isa = PBXBuildFile; fileRef = 421BCF2321F0954D004F5984 /* TwoDimensionalTable.swift */; };
		421BCF2621F096A8004F5984 /* TableDataObject.swift in Sources */ = {isa = PBXBuildFile; fileRef = 421BCF2521F096A8004F5984 /* TableDataObject.swift */; };
		421BCF2821F0A1BA004F5984 /* UIView_Extension.swift in Sources */ = {isa = PBXBuildFile; fileRef = 421BCF2721F0A1BA004F5984 /* UIView_Extension.swift */; };
		421BCF2B21F0AA2B004F5984 /* CollectionViewCell.swift in Sources */ = {isa = PBXBuildFile; fileRef = 421BCF2921F0AA2A004F5984 /* CollectionViewCell.swift */; };
		421BCF2C21F0AA2B004F5984 /* CollectionViewCell.xib in Resources */ = {isa = PBXBuildFile; fileRef = 421BCF2A21F0AA2A004F5984 /* CollectionViewCell.xib */; };
		421BCF2F21F0AA38004F5984 /* LabelCell.swift in Sources */ = {isa = PBXBuildFile; fileRef = 421BCF2D21F0AA38004F5984 /* LabelCell.swift */; };
		421BCF3021F0AA38004F5984 /* LabelCell.xib in Resources */ = {isa = PBXBuildFile; fileRef = 421BCF2E21F0AA38004F5984 /* LabelCell.xib */; };
/* End PBXBuildFile section */

/* Begin PBXFileReference section */
		421BCF0E21F094E8004F5984 /* 2DTable.app */ = {isa = PBXFileReference; explicitFileType = wrapper.application; includeInIndex = 0; path = 2DTable.app; sourceTree = BUILT_PRODUCTS_DIR; };
		421BCF1121F094E8004F5984 /* AppDelegate.swift */ = {isa = PBXFileReference; lastKnownFileType = sourcecode.swift; path = AppDelegate.swift; sourceTree = "<group>"; };
		421BCF1321F094E8004F5984 /* ViewController.swift */ = {isa = PBXFileReference; lastKnownFileType = sourcecode.swift; path = ViewController.swift; sourceTree = "<group>"; };
		421BCF1621F094E8004F5984 /* Base */ = {isa = PBXFileReference; lastKnownFileType = file.storyboard; name = Base; path = Base.lproj/Main.storyboard; sourceTree = "<group>"; };
		421BCF1821F094EE004F5984 /* Assets.xcassets */ = {isa = PBXFileReference; lastKnownFileType = folder.assetcatalog; path = Assets.xcassets; sourceTree = "<group>"; };
		421BCF1B21F094EE004F5984 /* Base */ = {isa = PBXFileReference; lastKnownFileType = file.storyboard; name = Base; path = Base.lproj/LaunchScreen.storyboard; sourceTree = "<group>"; };
		421BCF1D21F094EE004F5984 /* Info.plist */ = {isa = PBXFileReference; lastKnownFileType = text.plist.xml; path = Info.plist; sourceTree = "<group>"; };
		421BCF2321F0954D004F5984 /* TwoDimensionalTable.swift */ = {isa = PBXFileReference; lastKnownFileType = sourcecode.swift; path = TwoDimensionalTable.swift; sourceTree = "<group>"; };
		421BCF2521F096A8004F5984 /* TableDataObject.swift */ = {isa = PBXFileReference; lastKnownFileType = sourcecode.swift; path = TableDataObject.swift; sourceTree = "<group>"; };
		421BCF2721F0A1BA004F5984 /* UIView_Extension.swift */ = {isa = PBXFileReference; lastKnownFileType = sourcecode.swift; path = UIView_Extension.swift; sourceTree = "<group>"; };
		421BCF2921F0AA2A004F5984 /* CollectionViewCell.swift */ = {isa = PBXFileReference; fileEncoding = 4; lastKnownFileType = sourcecode.swift; path = CollectionViewCell.swift; sourceTree = "<group>"; };
		421BCF2A21F0AA2A004F5984 /* CollectionViewCell.xib */ = {isa = PBXFileReference; fileEncoding = 4; lastKnownFileType = file.xib; path = CollectionViewCell.xib; sourceTree = "<group>"; };
		421BCF2D21F0AA38004F5984 /* LabelCell.swift */ = {isa = PBXFileReference; fileEncoding = 4; lastKnownFileType = sourcecode.swift; path = LabelCell.swift; sourceTree = "<group>"; };
		421BCF2E21F0AA38004F5984 /* LabelCell.xib */ = {isa = PBXFileReference; fileEncoding = 4; lastKnownFileType = file.xib; path = LabelCell.xib; sourceTree = "<group>"; };
/* End PBXFileReference section */

/* Begin PBXFrameworksBuildPhase section */
		421BCF0B21F094E8004F5984 /* Frameworks */ = {
			isa = PBXFrameworksBuildPhase;
			buildActionMask = 2147483647;
			files = (
			);
			runOnlyForDeploymentPostprocessing = 0;
		};
/* End PBXFrameworksBuildPhase section */

/* Begin PBXGroup section */
		421BCF0521F094E8004F5984 = {
			isa = PBXGroup;
			children = (
				421BCF1021F094E8004F5984 /* 2DTable */,
				421BCF0F21F094E8004F5984 /* Products */,
			);
			sourceTree = "<group>";
		};
		421BCF0F21F094E8004F5984 /* Products */ = {
			isa = PBXGroup;
			children = (
				421BCF0E21F094E8004F5984 /* 2DTable.app */,
			);
			name = Products;
			sourceTree = "<group>";
		};
		421BCF1021F094E8004F5984 /* 2DTable */ = {
			isa = PBXGroup;
			children = (
				421BCF1121F094E8004F5984 /* AppDelegate.swift */,
				421BCF1321F094E8004F5984 /* ViewController.swift */,
				421BCF1521F094E8004F5984 /* Main.storyboard */,
				421BCF1821F094EE004F5984 /* Assets.xcassets */,
				421BCF1A21F094EE004F5984 /* LaunchScreen.storyboard */,
				421BCF1D21F094EE004F5984 /* Info.plist */,
				421BCF3121F0C5AF004F5984 /* TableFiles */,
			);
			path = 2DTable;
			sourceTree = "<group>";
		};
		421BCF3121F0C5AF004F5984 /* TableFiles */ = {
			isa = PBXGroup;
			children = (
				421BCF2321F0954D004F5984 /* TwoDimensionalTable.swift */,
				421BCF2521F096A8004F5984 /* TableDataObject.swift */,
				421BCF2721F0A1BA004F5984 /* UIView_Extension.swift */,
				421BCF2921F0AA2A004F5984 /* CollectionViewCell.swift */,
				421BCF2A21F0AA2A004F5984 /* CollectionViewCell.xib */,
				421BCF2D21F0AA38004F5984 /* LabelCell.swift */,
				421BCF2E21F0AA38004F5984 /* LabelCell.xib */,
			);
			path = TableFiles;
			sourceTree = "<group>";
		};
/* End PBXGroup section */

/* Begin PBXNativeTarget section */
		421BCF0D21F094E8004F5984 /* 2DTable */ = {
			isa = PBXNativeTarget;
			buildConfigurationList = 421BCF2021F094EE004F5984 /* Build configuration list for PBXNativeTarget "2DTable" */;
			buildPhases = (
				421BCF0A21F094E8004F5984 /* Sources */,
				421BCF0B21F094E8004F5984 /* Frameworks */,
				421BCF0C21F094E8004F5984 /* Resources */,
			);
			buildRules = (
			);
			dependencies = (
			);
			name = 2DTable;
			productName = 2DTable;
			productReference = 421BCF0E21F094E8004F5984 /* 2DTable.app */;
			productType = "com.apple.product-type.application";
		};
/* End PBXNativeTarget section */

/* Begin PBXProject section */
		421BCF0621F094E8004F5984 /* Project object */ = {
			isa = PBXProject;
			attributes = {
				LastSwiftUpdateCheck = 1010;
				LastUpgradeCheck = 1010;
				ORGANIZATIONNAME = LukeSmith;
				TargetAttributes = {
					421BCF0D21F094E8004F5984 = {
						CreatedOnToolsVersion = 10.1;
					};
				};
			};
			buildConfigurationList = 421BCF0921F094E8004F5984 /* Build configuration list for PBXProject "2DTable" */;
			compatibilityVersion = "Xcode 9.3";
			developmentRegion = en;
			hasScannedForEncodings = 0;
			knownRegions = (
				en,
				Base,
			);
			mainGroup = 421BCF0521F094E8004F5984;
			productRefGroup = 421BCF0F21F094E8004F5984 /* Products */;
			projectDirPath = "";
			projectRoot = "";
			targets = (
				421BCF0D21F094E8004F5984 /* 2DTable */,
			);
		};
/* End PBXProject section */

/* Begin PBXResourcesBuildPhase section */
		421BCF0C21F094E8004F5984 /* Resources */ = {
			isa = PBXResourcesBuildPhase;
			buildActionMask = 2147483647;
			files = (
				421BCF1C21F094EE004F5984 /* LaunchScreen.storyboard in Resources */,
				421BCF1921F094EE004F5984 /* Assets.xcassets in Resources */,
				421BCF3021F0AA38004F5984 /* LabelCell.xib in Resources */,
				421BCF1721F094E8004F5984 /* Main.storyboard in Resources */,
				421BCF2C21F0AA2B004F5984 /* CollectionViewCell.xib in Resources */,
			);
			runOnlyForDeploymentPostprocessing = 0;
		};
/* End PBXResourcesBuildPhase section */

/* Begin PBXSourcesBuildPhase section */
		421BCF0A21F094E8004F5984 /* Sources */ = {
			isa = PBXSourcesBuildPhase;
			buildActionMask = 2147483647;
			files = (
				421BCF2F21F0AA38004F5984 /* LabelCell.swift in Sources */,
				421BCF1421F094E8004F5984 /* ViewController.swift in Sources */,
				421BCF2B21F0AA2B004F5984 /* CollectionViewCell.swift in Sources */,
				421BCF2621F096A8004F5984 /* TableDataObject.swift in Sources */,
				421BCF2421F0954D004F5984 /* TwoDimensionalTable.swift in Sources */,
				421BCF2821F0A1BA004F5984 /* UIView_Extension.swift in Sources */,
				421BCF1221F094E8004F5984 /* AppDelegate.swift in Sources */,
			);
			runOnlyForDeploymentPostprocessing = 0;
		};
/* End PBXSourcesBuildPhase section */

/* Begin PBXVariantGroup section */
		421BCF1521F094E8004F5984 /* Main.storyboard */ = {
			isa = PBXVariantGroup;
			children = (
				421BCF1621F094E8004F5984 /* Base */,
			);
			name = Main.storyboard;
			sourceTree = "<group>";
		};
		421BCF1A21F094EE004F5984 /* LaunchScreen.storyboard */ = {
			isa = PBXVariantGroup;
			children = (
				421BCF1B21F094EE004F5984 /* Base */,
			);
			name = LaunchScreen.storyboard;
			sourceTree = "<group>";
		};
/* End PBXVariantGroup section */

/* Begin XCBuildConfiguration section */
		421BCF1E21F094EE004F5984 /* Debug */ = {
			isa = XCBuildConfiguration;
			buildSettings = {
				ALWAYS_SEARCH_USER_PATHS = NO;
				CLANG_ANALYZER_NONNULL = YES;
				CLANG_ANALYZER_NUMBER_OBJECT_CONVERSION = YES_AGGRESSIVE;
				CLANG_CXX_LANGUAGE_STANDARD = "gnu++14";
				CLANG_CXX_LIBRARY = "libc++";
				CLANG_ENABLE_MODULES = YES;
				CLANG_ENABLE_OBJC_ARC = YES;
				CLANG_ENABLE_OBJC_WEAK = YES;
				CLANG_WARN_BLOCK_CAPTURE_AUTORELEASING = YES;
				CLANG_WARN_BOOL_CONVERSION = YES;
				CLANG_WARN_COMMA = YES;
				CLANG_WARN_CONSTANT_CONVERSION = YES;
				CLANG_WARN_DEPRECATED_OBJC_IMPLEMENTATIONS = YES;
				CLANG_WARN_DIRECT_OBJC_ISA_USAGE = YES_ERROR;
				CLANG_WARN_DOCUMENTATION_COMMENTS = YES;
				CLANG_WARN_EMPTY_BODY = YES;
				CLANG_WARN_ENUM_CONVERSION = YES;
				CLANG_WARN_INFINITE_RECURSION = YES;
				CLANG_WARN_INT_CONVERSION = YES;
				CLANG_WARN_NON_LITERAL_NULL_CONVERSION = YES;
				CLANG_WARN_OBJC_IMPLICIT_RETAIN_SELF = YES;
				CLANG_WARN_OBJC_LITERAL_CONVERSION = YES;
				CLANG_WARN_OBJC_ROOT_CLASS = YES_ERROR;
				CLANG_WARN_RANGE_LOOP_ANALYSIS = YES;
				CLANG_WARN_STRICT_PROTOTYPES = YES;
				CLANG_WARN_SUSPICIOUS_MOVE = YES;
				CLANG_WARN_UNGUARDED_AVAILABILITY = YES_AGGRESSIVE;
				CLANG_WARN_UNREACHABLE_CODE = YES;
				CLANG_WARN__DUPLICATE_METHOD_MATCH = YES;
				CODE_SIGN_IDENTITY = "iPhone Developer";
				COPY_PHASE_STRIP = NO;
				DEBUG_INFORMATION_FORMAT = dwarf;
				ENABLE_STRICT_OBJC_MSGSEND = YES;
				ENABLE_TESTABILITY = YES;
				GCC_C_LANGUAGE_STANDARD = gnu11;
				GCC_DYNAMIC_NO_PIC = NO;
				GCC_NO_COMMON_BLOCKS = YES;
				GCC_OPTIMIZATION_LEVEL = 0;
				GCC_PREPROCESSOR_DEFINITIONS = (
					"DEBUG=1",
					"$(inherited)",
				);
				GCC_WARN_64_TO_32_BIT_CONVERSION = YES;
				GCC_WARN_ABOUT_RETURN_TYPE = YES_ERROR;
				GCC_WARN_UNDECLARED_SELECTOR = YES;
				GCC_WARN_UNINITIALIZED_AUTOS = YES_AGGRESSIVE;
				GCC_WARN_UNUSED_FUNCTION = YES;
				GCC_WARN_UNUSED_VARIABLE = YES;
				IPHONEOS_DEPLOYMENT_TARGET = 12.1;
				MTL_ENABLE_DEBUG_INFO = INCLUDE_SOURCE;
				MTL_FAST_MATH = YES;
				ONLY_ACTIVE_ARCH = YES;
				SDKROOT = iphoneos;
				SWIFT_ACTIVE_COMPILATION_CONDITIONS = DEBUG;
				SWIFT_OPTIMIZATION_LEVEL = "-Onone";
			};
			name = Debug;
		};
		421BCF1F21F094EE004F5984 /* Release */ = {
			isa = XCBuildConfiguration;
			buildSettings = {
				ALWAYS_SEARCH_USER_PATHS = NO;
				CLANG_ANALYZER_NONNULL = YES;
				CLANG_ANALYZER_NUMBER_OBJECT_CONVERSION = YES_AGGRESSIVE;
				CLANG_CXX_LANGUAGE_STANDARD = "gnu++14";
				CLANG_CXX_LIBRARY = "libc++";
				CLANG_ENABLE_MODULES = YES;
				CLANG_ENABLE_OBJC_ARC = YES;
				CLANG_ENABLE_OBJC_WEAK = YES;
				CLANG_WARN_BLOCK_CAPTURE_AUTORELEASING = YES;
				CLANG_WARN_BOOL_CONVERSION = YES;
				CLANG_WARN_COMMA = YES;
				CLANG_WARN_CONSTANT_CONVERSION = YES;
				CLANG_WARN_DEPRECATED_OBJC_IMPLEMENTATIONS = YES;
				CLANG_WARN_DIRECT_OBJC_ISA_USAGE = YES_ERROR;
				CLANG_WARN_DOCUMENTATION_COMMENTS = YES;
				CLANG_WARN_EMPTY_BODY = YES;
				CLANG_WARN_ENUM_CONVERSION = YES;
				CLANG_WARN_INFINITE_RECURSION = YES;
				CLANG_WARN_INT_CONVERSION = YES;
				CLANG_WARN_NON_LITERAL_NULL_CONVERSION = YES;
				CLANG_WARN_OBJC_IMPLICIT_RETAIN_SELF = YES;
				CLANG_WARN_OBJC_LITERAL_CONVERSION = YES;
				CLANG_WARN_OBJC_ROOT_CLASS = YES_ERROR;
				CLANG_WARN_RANGE_LOOP_ANALYSIS = YES;
				CLANG_WARN_STRICT_PROTOTYPES = YES;
				CLANG_WARN_SUSPICIOUS_MOVE = YES;
				CLANG_WARN_UNGUARDED_AVAILABILITY = YES_AGGRESSIVE;
				CLANG_WARN_UNREACHABLE_CODE = YES;
				CLANG_WARN__DUPLICATE_METHOD_MATCH = YES;
				CODE_SIGN_IDENTITY = "iPhone Developer";
				COPY_PHASE_STRIP = NO;
				DEBUG_INFORMATION_FORMAT = "dwarf-with-dsym";
				ENABLE_NS_ASSERTIONS = NO;
				ENABLE_STRICT_OBJC_MSGSEND = YES;
				GCC_C_LANGUAGE_STANDARD = gnu11;
				GCC_NO_COMMON_BLOCKS = YES;
				GCC_WARN_64_TO_32_BIT_CONVERSION = YES;
				GCC_WARN_ABOUT_RETURN_TYPE = YES_ERROR;
				GCC_WARN_UNDECLARED_SELECTOR = YES;
				GCC_WARN_UNINITIALIZED_AUTOS = YES_AGGRESSIVE;
				GCC_WARN_UNUSED_FUNCTION = YES;
				GCC_WARN_UNUSED_VARIABLE = YES;
				IPHONEOS_DEPLOYMENT_TARGET = 12.1;
				MTL_ENABLE_DEBUG_INFO = NO;
				MTL_FAST_MATH = YES;
				SDKROOT = iphoneos;
				SWIFT_COMPILATION_MODE = wholemodule;
				SWIFT_OPTIMIZATION_LEVEL = "-O";
				VALIDATE_PRODUCT = YES;
			};
			name = Release;
		};
		421BCF2121F094EE004F5984 /* Debug */ = {
			isa = XCBuildConfiguration;
			buildSettings = {
				ASSETCATALOG_COMPILER_APPICON_NAME = AppIcon;
				CODE_SIGN_STYLE = Automatic;
				DEVELOPMENT_TEAM = 4KQ6H85Y9F;
				INFOPLIST_FILE = 2DTable/Info.plist;
				LD_RUNPATH_SEARCH_PATHS = (
					"$(inherited)",
					"@executable_path/Frameworks",
				);
				PRODUCT_BUNDLE_IDENTIFIER = "Luke-Smith.-DTable";
				PRODUCT_NAME = "$(TARGET_NAME)";
				SWIFT_VERSION = 4.2;
				TARGETED_DEVICE_FAMILY = "1,2";
			};
			name = Debug;
		};
		421BCF2221F094EE004F5984 /* Release */ = {
			isa = XCBuildConfiguration;
			buildSettings = {
				ASSETCATALOG_COMPILER_APPICON_NAME = AppIcon;
				CODE_SIGN_STYLE = Automatic;
				DEVELOPMENT_TEAM = 4KQ6H85Y9F;
				INFOPLIST_FILE = 2DTable/Info.plist;
				LD_RUNPATH_SEARCH_PATHS = (
					"$(inherited)",
					"@executable_path/Frameworks",
				);
				PRODUCT_BUNDLE_IDENTIFIER = "Luke-Smith.-DTable";
				PRODUCT_NAME = "$(TARGET_NAME)";
				SWIFT_VERSION = 4.2;
				TARGETED_DEVICE_FAMILY = "1,2";
			};
			name = Release;
		};
/* End XCBuildConfiguration section */

/* Begin XCConfigurationList section */
		421BCF0921F094E8004F5984 /* Build configuration list for PBXProject "2DTable" */ = {
			isa = XCConfigurationList;
			buildConfigurations = (
				421BCF1E21F094EE004F5984 /* Debug */,
				421BCF1F21F094EE004F5984 /* Release */,
			);
			defaultConfigurationIsVisible = 0;
			defaultConfigurationName = Release;
		};
		421BCF2021F094EE004F5984 /* Build configuration list for PBXNativeTarget "2DTable" */ = {
			isa = XCConfigurationList;
			buildConfigurations = (
				421BCF2121F094EE004F5984 /* Debug */,
				421BCF2221F094EE004F5984 /* Release */,
			);
			defaultConfigurationIsVisible = 0;
			defaultConfigurationName = Release;
		};
/* End XCConfigurationList section */
	};
	rootObject = 421BCF0621F094E8004F5984 /* Project object */;
}
